
Microsoft Visual Studio Solution File, Format Version 12.00
# Visual Studio Version 17
VisualStudioVersion = 17.8.34525.116
MinimumVisualStudioVersion = 10.0.40219.1
Project("{8BC9CEB8-8B4A-11D0-8D11-00A0C91BC942}") = "Lesson5_2", "Lesson5_2\Lesson5_2.vcxproj", "{B5DD1096-BB19-40C9-954E-B893E3196A70}"
EndProject
Global
	GlobalSection(SolutionConfigurationPlatforms) = preSolution
		Debug|x64 = Debug|x64
		Debug|x86 = Debug|x86
		Release|x64 = Release|x64
		Release|x86 = Release|x86
	EndGlobalSection
	GlobalSection(ProjectConfigurationPlatforms) = postSolution
		{B5DD1096-BB19-40C9-954E-B893E3196A70}.Debug|x64.ActiveCfg = Debug|x64
		{B5DD1096-BB19-40C9-954E-B893E3196A70}.Debug|x64.Build.0 = Debug|x64
		{B5DD1096-BB19-40C9-954E-B893E3196A70}.Debug|x86.ActiveCfg = Debug|Win32
		{B5DD1096-BB19-40C9-954E-B893E3196A70}.Debug|x86.Build.0 = Debug|Win32
		{B5DD1096-BB19-40C9-954E-B893E3196A70}.Release|x64.ActiveCfg = Release|x64
		{B5DD1096-BB19-40C9-954E-B893E3196A70}.Release|x64.Build.0 = Release|x64
		{B5DD1096-BB19-40C9-954E-B893E3196A70}.Release|x86.ActiveCfg = Release|Win32
		{B5DD1096-BB19-40C9-954E-B893E3196A70}.Release|x86.Build.0 = Release|Win32
	EndGlobalSection
	GlobalSection(SolutionProperties) = preSolution
		HideSolutionNode = FALSE
	EndGlobalSection
	GlobalSection(ExtensibilityGlobals) = postSolution
		SolutionGuid = {DB50BA56-E9EB-476F-B778-92AA05DD49FC}
	EndGlobalSection
EndGlobal
